# DO NOT EDIT MANUALLY - Managed by Fern Replay
version: "1.0"
generations:
  - commit_sha: c1ad703ab09473b631bc79d195c5ae3008581250
    tree_hash: d30d412d5bf9577adff8787b1bcdcb707866ca69
    timestamp: 2026-05-15T20:56:23.941Z
    cli_version: unknown
    generator_versions: {}
current_generation: c1ad703ab09473b631bc79d195c5ae3008581250
patches: []
